
Microsoft Visual Studio Solution File, Format Version 12.00
# Visual Studio Version 17
VisualStudioVersion = 17.11.35219.272
MinimumVisualStudioVersion = 10.0.40219.1
Project("{FAE04EC0-301F-11D3-BF4B-00C04F79EFBC}") = "Laboratorio 12", "Laboratorio 12.csproj", "{1908DC4A-22BF-485D-9D0C-2343C6D66C99}"
EndProject
Global
	GlobalSection(SolutionConfigurationPlatforms) = preSolution
		Debug|Any CPU = Debug|Any CPU
		Release|Any CPU = Release|Any CPU
	EndGlobalSection
	GlobalSection(ProjectConfigurationPlatforms) = postSolution
		{1908DC4A-22BF-485D-9D0C-2343C6D66C99}.Debug|Any CPU.ActiveCfg = Debug|Any CPU
		{1908DC4A-22BF-485D-9D0C-2343C6D66C99}.Debug|Any CPU.Build.0 = Debug|Any CPU
		{1908DC4A-22BF-485D-9D0C-2343C6D66C99}.Release|Any CPU.ActiveCfg = Release|Any CPU
		{1908DC4A-22BF-485D-9D0C-2343C6D66C99}.Release|Any CPU.Build.0 = Release|Any CPU
	EndGlobalSection
	GlobalSection(SolutionProperties) = preSolution
		HideSolutionNode = FALSE
	EndGlobalSection
	GlobalSection(ExtensibilityGlobals) = postSolution
		SolutionGuid = {CDB7166B-675F-44A8-841B-213956FB0796}
	EndGlobalSection
EndGlobal
