
Microsoft Visual Studio Solution File, Format Version 12.00
# Visual Studio Version 17
VisualStudioVersion = 17.11.35327.3
MinimumVisualStudioVersion = 10.0.40219.1
Project("{FAE04EC0-301F-11D3-BF4B-00C04F79EFBC}") = "Laboratorio 171", "Laboratorio 171\Laboratorio 171.csproj", "{BD89893F-4570-4336-A705-505E15890FC6}"
EndProject
Global
	GlobalSection(SolutionConfigurationPlatforms) = preSolution
		Debug|Any CPU = Debug|Any CPU
		Release|Any CPU = Release|Any CPU
	EndGlobalSection
	GlobalSection(ProjectConfigurationPlatforms) = postSolution
		{BD89893F-4570-4336-A705-505E15890FC6}.Debug|Any CPU.ActiveCfg = Debug|Any CPU
		{BD89893F-4570-4336-A705-505E15890FC6}.Debug|Any CPU.Build.0 = Debug|Any CPU
		{BD89893F-4570-4336-A705-505E15890FC6}.Release|Any CPU.ActiveCfg = Release|Any CPU
		{BD89893F-4570-4336-A705-505E15890FC6}.Release|Any CPU.Build.0 = Release|Any CPU
	EndGlobalSection
	GlobalSection(SolutionProperties) = preSolution
		HideSolutionNode = FALSE
	EndGlobalSection
	GlobalSection(ExtensibilityGlobals) = postSolution
		SolutionGuid = {E28D9816-F95E-4575-AB9C-DA071A8AE370}
	EndGlobalSection
EndGlobal
